// !$*UTF8*$!
{
	archiveVersion = 1;
	classes = {
	};
	objectVersion = 56;
	objects = {

/* Begin PBXBuildFile section */
		C5A334D12A8C81F5001D4C46 /* VerifyCodeSlideImageApp.swift in Sources */ = {isa = PBXBuildFile; fileRef = C5A334D02A8C81F5001D4C46 /* VerifyCodeSlideImageApp.swift */; };
		C5A334D32A8C81F5001D4C46 /* ContentView.swift in Sources */ = {isa = PBXBuildFile; fileRef = C5A334D22A8C81F5001D4C46 /* ContentView.swift */; };
		C5A334D52A8C81F7001D4C46 /* Assets.xcassets in Resources */ = {isa = PBXBuildFile; fileRef = C5A334D42A8C81F7001D4C46 /* Assets.xcassets */; };
		C5A334D82A8C81F7001D4C46 /* Preview Assets.xcassets in Resources */ = {isa = PBXBuildFile; fileRef = C5A334D72A8C81F7001D4C46 /* Preview Assets.xcassets */; };
		C5A334E82A8C903F001D4C46 /* Pods_VerifyCodeSlideImage.framework in Frameworks */ = {isa = PBXBuildFile; fileRef = C5A334E72A8C903F001D4C46 /* Pods_VerifyCodeSlideImage.framework */; };
		C5A334E92A8C903F001D4C46 /* Pods_VerifyCodeSlideImage.framework in Embed Frameworks */ = {isa = PBXBuildFile; fileRef = C5A334E72A8C903F001D4C46 /* Pods_VerifyCodeSlideImage.framework */; settings = {ATTRIBUTES = (CodeSignOnCopy, RemoveHeadersOnCopy, ); }; };
		C5A334EC2A8C9296001D4C46 /* AppDelegate.swift in Sources */ = {isa = PBXBuildFile; fileRef = C5A334EB2A8C9296001D4C46 /* AppDelegate.swift */; };
		C5A334EE2A8C97B4001D4C46 /* VerifyCodeManager.swift in Sources */ = {isa = PBXBuildFile; fileRef = C5A334ED2A8C97B4001D4C46 /* VerifyCodeManager.swift */; };
/* End PBXBuildFile section */

/* Begin PBXCopyFilesBuildPhase section */
		C5A334EA2A8C903F001D4C46 /* Embed Frameworks */ = {
			isa = PBXCopyFilesBuildPhase;
			buildActionMask = 2147483647;
			dstPath = "";
			dstSubfolderSpec = 10;
			files = (
				C5A334E92A8C903F001D4C46 /* Pods_VerifyCodeSlideImage.framework in Embed Frameworks */,
			);
			name = "Embed Frameworks";
			runOnlyForDeploymentPostprocessing = 0;
		};
/* End PBXCopyFilesBuildPhase section */

/* Begin PBXFileReference section */
		864B024951D83D240BA3D0BC /* Pods-VerifyCodeSlideImage.debug.xcconfig */ = {isa = PBXFileReference; includeInIndex = 1; lastKnownFileType = text.xcconfig; name = "Pods-VerifyCodeSlideImage.debug.xcconfig"; path = "Target Support Files/Pods-VerifyCodeSlideImage/Pods-VerifyCodeSlideImage.debug.xcconfig"; sourceTree = "<group>"; };
		C5A334CD2A8C81F5001D4C46 /* VerifyCodeSlideImage.app */ = {isa = PBXFileReference; explicitFileType = wrapper.application; includeInIndex = 0; path = VerifyCodeSlideImage.app; sourceTree = BUILT_PRODUCTS_DIR; };
		C5A334D02A8C81F5001D4C46 /* VerifyCodeSlideImageApp.swift */ = {isa = PBXFileReference; lastKnownFileType = sourcecode.swift; path = VerifyCodeSlideImageApp.swift; sourceTree = "<group>"; };
		C5A334D22A8C81F5001D4C46 /* ContentView.swift */ = {isa = PBXFileReference; lastKnownFileType = sourcecode.swift; path = ContentView.swift; sourceTree = "<group>"; };
		C5A334D42A8C81F7001D4C46 /* Assets.xcassets */ = {isa = PBXFileReference; lastKnownFileType = folder.assetcatalog; path = Assets.xcassets; sourceTree = "<group>"; };
		C5A334D72A8C81F7001D4C46 /* Preview Assets.xcassets */ = {isa = PBXFileReference; lastKnownFileType = folder.assetcatalog; path = "Preview Assets.xcassets"; sourceTree = "<group>"; };
		C5A334DF2A8C85D7001D4C46 /* VerifyCodeSlideImage-Bridging-Header.h */ = {isa = PBXFileReference; lastKnownFileType = sourcecode.c.h; path = "VerifyCodeSlideImage-Bridging-Header.h"; sourceTree = "<group>"; };
		C5A334E72A8C903F001D4C46 /* Pods_VerifyCodeSlideImage.framework */ = {isa = PBXFileReference; explicitFileType = wrapper.framework; path = Pods_VerifyCodeSlideImage.framework; sourceTree = BUILT_PRODUCTS_DIR; };
		C5A334EB2A8C9296001D4C46 /* AppDelegate.swift */ = {isa = PBXFileReference; lastKnownFileType = sourcecode.swift; path = AppDelegate.swift; sourceTree = "<group>"; };
		C5A334ED2A8C97B4001D4C46 /* VerifyCodeManager.swift */ = {isa = PBXFileReference; lastKnownFileType = sourcecode.swift; path = VerifyCodeManager.swift; sourceTree = "<group>"; };
		F6FD9384652670EF4A59701C /* Pods-VerifyCodeSlideImage.release.xcconfig */ = {isa = PBXFileReference; includeInIndex = 1; lastKnownFileType = text.xcconfig; name = "Pods-VerifyCodeSlideImage.release.xcconfig"; path = "Target Support Files/Pods-VerifyCodeSlideImage/Pods-VerifyCodeSlideImage.release.xcconfig"; sourceTree = "<group>"; };
/* End PBXFileReference section */

/* Begin PBXFrameworksBuildPhase section */
		C5A334CA2A8C81F5001D4C46 /* Frameworks */ = {
			isa = PBXFrameworksBuildPhase;
			buildActionMask = 2147483647;
			files = (
				C5A334E82A8C903F001D4C46 /* Pods_VerifyCodeSlideImage.framework in Frameworks */,
			);
			runOnlyForDeploymentPostprocessing = 0;
		};
/* End PBXFrameworksBuildPhase section */

/* Begin PBXGroup section */
		2A6CA820B13A11762A148336 /* Frameworks */ = {
			isa = PBXGroup;
			children = (
				C5A334E72A8C903F001D4C46 /* Pods_VerifyCodeSlideImage.framework */,
			);
			name = Frameworks;
			sourceTree = "<group>";
		};
		C5A334C42A8C81F5001D4C46 = {
			isa = PBXGroup;
			children = (
				C5A334CF2A8C81F5001D4C46 /* VerifyCodeSlideImage */,
				C5A334CE2A8C81F5001D4C46 /* Products */,
				FEADAC25E7F8A326CE5ECD16 /* Pods */,
				2A6CA820B13A11762A148336 /* Frameworks */,
			);
			sourceTree = "<group>";
		};
		C5A334CE2A8C81F5001D4C46 /* Products */ = {
			isa = PBXGroup;
			children = (
				C5A334CD2A8C81F5001D4C46 /* VerifyCodeSlideImage.app */,
			);
			name = Products;
			sourceTree = "<group>";
		};
		C5A334CF2A8C81F5001D4C46 /* VerifyCodeSlideImage */ = {
			isa = PBXGroup;
			children = (
				C5A334D02A8C81F5001D4C46 /* VerifyCodeSlideImageApp.swift */,
				C5A334D22A8C81F5001D4C46 /* ContentView.swift */,
				C5A334ED2A8C97B4001D4C46 /* VerifyCodeManager.swift */,
				C5A334EB2A8C9296001D4C46 /* AppDelegate.swift */,
				C5A334DF2A8C85D7001D4C46 /* VerifyCodeSlideImage-Bridging-Header.h */,
				C5A334D42A8C81F7001D4C46 /* Assets.xcassets */,
				C5A334D62A8C81F7001D4C46 /* Preview Content */,
			);
			path = VerifyCodeSlideImage;
			sourceTree = "<group>";
		};
		C5A334D62A8C81F7001D4C46 /* Preview Content */ = {
			isa = PBXGroup;
			children = (
				C5A334D72A8C81F7001D4C46 /* Preview Assets.xcassets */,
			);
			path = "Preview Content";
			sourceTree = "<group>";
		};
		FEADAC25E7F8A326CE5ECD16 /* Pods */ = {
			isa = PBXGroup;
			children = (
				864B024951D83D240BA3D0BC /* Pods-VerifyCodeSlideImage.debug.xcconfig */,
				F6FD9384652670EF4A59701C /* Pods-VerifyCodeSlideImage.release.xcconfig */,
			);
			path = Pods;
			sourceTree = "<group>";
		};
/* End PBXGroup section */

/* Begin PBXNativeTarget section */
		C5A334CC2A8C81F5001D4C46 /* VerifyCodeSlideImage */ = {
			isa = PBXNativeTarget;
			buildConfigurationList = C5A334DB2A8C81F7001D4C46 /* Build configuration list for PBXNativeTarget "VerifyCodeSlideImage" */;
			buildPhases = (
				9788F8376631071F4DEB8EF7 /* [CP] Check Pods Manifest.lock */,
				C5A334C92A8C81F5001D4C46 /* Sources */,
				C5A334CA2A8C81F5001D4C46 /* Frameworks */,
				C5A334CB2A8C81F5001D4C46 /* Resources */,
				F9F97D72AC57790CD954F003 /* [CP] Copy Pods Resources */,
				C5A334EA2A8C903F001D4C46 /* Embed Frameworks */,
			);
			buildRules = (
			);
			dependencies = (
			);
			name = VerifyCodeSlideImage;
			productName = VerifyCodeSlideImage;
			productReference = C5A334CD2A8C81F5001D4C46 /* VerifyCodeSlideImage.app */;
			productType = "com.apple.product-type.application";
		};
/* End PBXNativeTarget section */

/* Begin PBXProject section */
		C5A334C52A8C81F5001D4C46 /* Project object */ = {
			isa = PBXProject;
			attributes = {
				BuildIndependentTargetsInParallel = 1;
				LastSwiftUpdateCheck = 1430;
				LastUpgradeCheck = 1430;
				TargetAttributes = {
					C5A334CC2A8C81F5001D4C46 = {
						CreatedOnToolsVersion = 14.3.1;
					};
				};
			};
			buildConfigurationList = C5A334C82A8C81F5001D4C46 /* Build configuration list for PBXProject "VerifyCodeSlideImage" */;
			compatibilityVersion = "Xcode 14.0";
			developmentRegion = en;
			hasScannedForEncodings = 0;
			knownRegions = (
				en,
				Base,
			);
			mainGroup = C5A334C42A8C81F5001D4C46;
			productRefGroup = C5A334CE2A8C81F5001D4C46 /* Products */;
			projectDirPath = "";
			projectRoot = "";
			targets = (
				C5A334CC2A8C81F5001D4C46 /* VerifyCodeSlideImage */,
			);
		};
/* End PBXProject section */

/* Begin PBXResourcesBuildPhase section */
		C5A334CB2A8C81F5001D4C46 /* Resources */ = {
			isa = PBXResourcesBuildPhase;
			buildActionMask = 2147483647;
			files = (
				C5A334D82A8C81F7001D4C46 /* Preview Assets.xcassets in Resources */,
				C5A334D52A8C81F7001D4C46 /* Assets.xcassets in Resources */,
			);
			runOnlyForDeploymentPostprocessing = 0;
		};
/* End PBXResourcesBuildPhase section */

/* Begin PBXShellScriptBuildPhase section */
		9788F8376631071F4DEB8EF7 /* [CP] Check Pods Manifest.lock */ = {
			isa = PBXShellScriptBuildPhase;
			buildActionMask = 2147483647;
			files = (
			);
			inputFileListPaths = (
			);
			inputPaths = (
				"${PODS_PODFILE_DIR_PATH}/Podfile.lock",
				"${PODS_ROOT}/Manifest.lock",
			);
			name = "[CP] Check Pods Manifest.lock";
			outputFileListPaths = (
			);
			outputPaths = (
				"$(DERIVED_FILE_DIR)/Pods-VerifyCodeSlideImage-checkManifestLockResult.txt",
			);
			runOnlyForDeploymentPostprocessing = 0;
			shellPath = /bin/sh;
			shellScript = "diff \"${PODS_PODFILE_DIR_PATH}/Podfile.lock\" \"${PODS_ROOT}/Manifest.lock\" > /dev/null\nif [ $? != 0 ] ; then\n    # print error to STDERR\n    echo \"error: The sandbox is not in sync with the Podfile.lock. Run 'pod install' or update your CocoaPods installation.\" >&2\n    exit 1\nfi\n# This output is used by Xcode 'outputs' to avoid re-running this script phase.\necho \"SUCCESS\" > \"${SCRIPT_OUTPUT_FILE_0}\"\n";
			showEnvVarsInLog = 0;
		};
		F9F97D72AC57790CD954F003 /* [CP] Copy Pods Resources */ = {
			isa = PBXShellScriptBuildPhase;
			buildActionMask = 2147483647;
			files = (
			);
			inputFileListPaths = (
				"${PODS_ROOT}/Target Support Files/Pods-VerifyCodeSlideImage/Pods-VerifyCodeSlideImage-resources-${CONFIGURATION}-input-files.xcfilelist",
			);
			name = "[CP] Copy Pods Resources";
			outputFileListPaths = (
				"${PODS_ROOT}/Target Support Files/Pods-VerifyCodeSlideImage/Pods-VerifyCodeSlideImage-resources-${CONFIGURATION}-output-files.xcfilelist",
			);
			runOnlyForDeploymentPostprocessing = 0;
			shellPath = /bin/sh;
			shellScript = "\"${PODS_ROOT}/Target Support Files/Pods-VerifyCodeSlideImage/Pods-VerifyCodeSlideImage-resources.sh\"\n";
			showEnvVarsInLog = 0;
		};
/* End PBXShellScriptBuildPhase section */

/* Begin PBXSourcesBuildPhase section */
		C5A334C92A8C81F5001D4C46 /* Sources */ = {
			isa = PBXSourcesBuildPhase;
			buildActionMask = 2147483647;
			files = (
				C5A334EC2A8C9296001D4C46 /* AppDelegate.swift in Sources */,
				C5A334EE2A8C97B4001D4C46 /* VerifyCodeManager.swift in Sources */,
				C5A334D32A8C81F5001D4C46 /* ContentView.swift in Sources */,
				C5A334D12A8C81F5001D4C46 /* VerifyCodeSlideImageApp.swift in Sources */,
			);
			runOnlyForDeploymentPostprocessing = 0;
		};
/* End PBXSourcesBuildPhase section */

/* Begin XCBuildConfiguration section */
		C5A334D92A8C81F7001D4C46 /* Debug */ = {
			isa = XCBuildConfiguration;
			buildSettings = {
				ALWAYS_SEARCH_USER_PATHS = NO;
				CLANG_ANALYZER_NONNULL = YES;
				CLANG_ANALYZER_NUMBER_OBJECT_CONVERSION = YES_AGGRESSIVE;
				CLANG_CXX_LANGUAGE_STANDARD = "gnu++20";
				CLANG_ENABLE_MODULES = YES;
				CLANG_ENABLE_OBJC_ARC = YES;
				CLANG_ENABLE_OBJC_WEAK = YES;
				CLANG_WARN_BLOCK_CAPTURE_AUTORELEASING = YES;
				CLANG_WARN_BOOL_CONVERSION = YES;
				CLANG_WARN_COMMA = YES;
				CLANG_WARN_CONSTANT_CONVERSION = YES;
				CLANG_WARN_DEPRECATED_OBJC_IMPLEMENTATIONS = YES;
				CLANG_WARN_DIRECT_OBJC_ISA_USAGE = YES_ERROR;
				CLANG_WARN_DOCUMENTATION_COMMENTS = YES;
				CLANG_WARN_EMPTY_BODY = YES;
				CLANG_WARN_ENUM_CONVERSION = YES;
				CLANG_WARN_INFINITE_RECURSION = YES;
				CLANG_WARN_INT_CONVERSION = YES;
				CLANG_WARN_NON_LITERAL_NULL_CONVERSION = YES;
				CLANG_WARN_OBJC_IMPLICIT_RETAIN_SELF = YES;
				CLANG_WARN_OBJC_LITERAL_CONVERSION = YES;
				CLANG_WARN_OBJC_ROOT_CLASS = YES_ERROR;
				CLANG_WARN_QUOTED_INCLUDE_IN_FRAMEWORK_HEADER = YES;
				CLANG_WARN_RANGE_LOOP_ANALYSIS = YES;
				CLANG_WARN_STRICT_PROTOTYPES = YES;
				CLANG_WARN_SUSPICIOUS_MOVE = YES;
				CLANG_WARN_UNGUARDED_AVAILABILITY = YES_AGGRESSIVE;
				CLANG_WARN_UNREACHABLE_CODE = YES;
				CLANG_WARN__DUPLICATE_METHOD_MATCH = YES;
				COPY_PHASE_STRIP = NO;
				DEBUG_INFORMATION_FORMAT = dwarf;
				ENABLE_STRICT_OBJC_MSGSEND = YES;
				ENABLE_TESTABILITY = YES;
				GCC_C_LANGUAGE_STANDARD = gnu11;
				GCC_DYNAMIC_NO_PIC = NO;
				GCC_NO_COMMON_BLOCKS = YES;
				GCC_OPTIMIZATION_LEVEL = 0;
				GCC_PREPROCESSOR_DEFINITIONS = (
					"DEBUG=1",
					"$(inherited)",
				);
				GCC_WARN_64_TO_32_BIT_CONVERSION = YES;
				GCC_WARN_ABOUT_RETURN_TYPE = YES_ERROR;
				GCC_WARN_UNDECLARED_SELECTOR = YES;
				GCC_WARN_UNINITIALIZED_AUTOS = YES_AGGRESSIVE;
				GCC_WARN_UNUSED_FUNCTION = YES;
				GCC_WARN_UNUSED_VARIABLE = YES;
				IPHONEOS_DEPLOYMENT_TARGET = 16.4;
				MTL_ENABLE_DEBUG_INFO = INCLUDE_SOURCE;
				MTL_FAST_MATH = YES;
				ONLY_ACTIVE_ARCH = YES;
				SDKROOT = iphoneos;
				SWIFT_ACTIVE_COMPILATION_CONDITIONS = DEBUG;
				SWIFT_OPTIMIZATION_LEVEL = "-Onone";
			};
			name = Debug;
		};
		C5A334DA2A8C81F7001D4C46 /* Release */ = {
			isa = XCBuildConfiguration;
			buildSettings = {
				ALWAYS_SEARCH_USER_PATHS = NO;
				CLANG_ANALYZER_NONNULL = YES;
				CLANG_ANALYZER_NUMBER_OBJECT_CONVERSION = YES_AGGRESSIVE;
				CLANG_CXX_LANGUAGE_STANDARD = "gnu++20";
				CLANG_ENABLE_MODULES = YES;
				CLANG_ENABLE_OBJC_ARC = YES;
				CLANG_ENABLE_OBJC_WEAK = YES;
				CLANG_WARN_BLOCK_CAPTURE_AUTORELEASING = YES;
				CLANG_WARN_BOOL_CONVERSION = YES;
				CLANG_WARN_COMMA = YES;
				CLANG_WARN_CONSTANT_CONVERSION = YES;
				CLANG_WARN_DEPRECATED_OBJC_IMPLEMENTATIONS = YES;
				CLANG_WARN_DIRECT_OBJC_ISA_USAGE = YES_ERROR;
				CLANG_WARN_DOCUMENTATION_COMMENTS = YES;
				CLANG_WARN_EMPTY_BODY = YES;
				CLANG_WARN_ENUM_CONVERSION = YES;
				CLANG_WARN_INFINITE_RECURSION = YES;
				CLANG_WARN_INT_CONVERSION = YES;
				CLANG_WARN_NON_LITERAL_NULL_CONVERSION = YES;
				CLANG_WARN_OBJC_IMPLICIT_RETAIN_SELF = YES;
				CLANG_WARN_OBJC_LITERAL_CONVERSION = YES;
				CLANG_WARN_OBJC_ROOT_CLASS = YES_ERROR;
				CLANG_WARN_QUOTED_INCLUDE_IN_FRAMEWORK_HEADER = YES;
				CLANG_WARN_RANGE_LOOP_ANALYSIS = YES;
				CLANG_WARN_STRICT_PROTOTYPES = YES;
				CLANG_WARN_SUSPICIOUS_MOVE = YES;
				CLANG_WARN_UNGUARDED_AVAILABILITY = YES_AGGRESSIVE;
				CLANG_WARN_UNREACHABLE_CODE = YES;
				CLANG_WARN__DUPLICATE_METHOD_MATCH = YES;
				COPY_PHASE_STRIP = NO;
				DEBUG_INFORMATION_FORMAT = "dwarf-with-dsym";
				ENABLE_NS_ASSERTIONS = NO;
				ENABLE_STRICT_OBJC_MSGSEND = YES;
				GCC_C_LANGUAGE_STANDARD = gnu11;
				GCC_NO_COMMON_BLOCKS = YES;
				GCC_WARN_64_TO_32_BIT_CONVERSION = YES;
				GCC_WARN_ABOUT_RETURN_TYPE = YES_ERROR;
				GCC_WARN_UNDECLARED_SELECTOR = YES;
				GCC_WARN_UNINITIALIZED_AUTOS = YES_AGGRESSIVE;
				GCC_WARN_UNUSED_FUNCTION = YES;
				GCC_WARN_UNUSED_VARIABLE = YES;
				IPHONEOS_DEPLOYMENT_TARGET = 16.4;
				MTL_ENABLE_DEBUG_INFO = NO;
				MTL_FAST_MATH = YES;
				SDKROOT = iphoneos;
				SWIFT_COMPILATION_MODE = wholemodule;
				SWIFT_OPTIMIZATION_LEVEL = "-O";
				VALIDATE_PRODUCT = YES;
			};
			name = Release;
		};
		C5A334DC2A8C81F7001D4C46 /* Debug */ = {
			isa = XCBuildConfiguration;
			baseConfigurationReference = 864B024951D83D240BA3D0BC /* Pods-VerifyCodeSlideImage.debug.xcconfig */;
			buildSettings = {
				ASSETCATALOG_COMPILER_APPICON_NAME = AppIcon;
				ASSETCATALOG_COMPILER_GLOBAL_ACCENT_COLOR_NAME = AccentColor;
				CODE_SIGN_STYLE = Automatic;
				CURRENT_PROJECT_VERSION = 1;
				DEVELOPMENT_ASSET_PATHS = "\"VerifyCodeSlideImage/Preview Content\"";
				ENABLE_PREVIEWS = YES;
				EXCLUDED_ARCHS = arm64;
				GENERATE_INFOPLIST_FILE = YES;
				INFOPLIST_KEY_UIApplicationSceneManifest_Generation = YES;
				INFOPLIST_KEY_UIApplicationSupportsIndirectInputEvents = YES;
				INFOPLIST_KEY_UILaunchScreen_Generation = YES;
				INFOPLIST_KEY_UISupportedInterfaceOrientations_iPad = "UIInterfaceOrientationPortrait UIInterfaceOrientationPortraitUpsideDown UIInterfaceOrientationLandscapeLeft UIInterfaceOrientationLandscapeRight";
				INFOPLIST_KEY_UISupportedInterfaceOrientations_iPhone = "UIInterfaceOrientationPortrait UIInterfaceOrientationLandscapeLeft UIInterfaceOrientationLandscapeRight";
				LD_RUNPATH_SEARCH_PATHS = (
					"$(inherited)",
					"@executable_path/Frameworks",
				);
				MARKETING_VERSION = 1.0;
				PRODUCT_BUNDLE_IDENTIFIER = com.swiftUI.com.VerifyCodeSlideImage;
				PRODUCT_NAME = "$(TARGET_NAME)";
				SWIFT_EMIT_LOC_STRINGS = YES;
				SWIFT_OBJC_BRIDGING_HEADER = "VerifyCodeSlideImage/VerifyCodeSlideImage-Bridging-Header.h";
				SWIFT_VERSION = 5.0;
				TARGETED_DEVICE_FAMILY = "1,2";
			};
			name = Debug;
		};
		C5A334DD2A8C81F7001D4C46 /* Release */ = {
			isa = XCBuildConfiguration;
			baseConfigurationReference = F6FD9384652670EF4A59701C /* Pods-VerifyCodeSlideImage.release.xcconfig */;
			buildSettings = {
				ASSETCATALOG_COMPILER_APPICON_NAME = AppIcon;
				ASSETCATALOG_COMPILER_GLOBAL_ACCENT_COLOR_NAME = AccentColor;
				CODE_SIGN_STYLE = Automatic;
				CURRENT_PROJECT_VERSION = 1;
				DEVELOPMENT_ASSET_PATHS = "\"VerifyCodeSlideImage/Preview Content\"";
				ENABLE_PREVIEWS = YES;
				EXCLUDED_ARCHS = arm64;
				GENERATE_INFOPLIST_FILE = YES;
				INFOPLIST_KEY_UIApplicationSceneManifest_Generation = YES;
				INFOPLIST_KEY_UIApplicationSupportsIndirectInputEvents = YES;
				INFOPLIST_KEY_UILaunchScreen_Generation = YES;
				INFOPLIST_KEY_UISupportedInterfaceOrientations_iPad = "UIInterfaceOrientationPortrait UIInterfaceOrientationPortraitUpsideDown UIInterfaceOrientationLandscapeLeft UIInterfaceOrientationLandscapeRight";
				INFOPLIST_KEY_UISupportedInterfaceOrientations_iPhone = "UIInterfaceOrientationPortrait UIInterfaceOrientationLandscapeLeft UIInterfaceOrientationLandscapeRight";
				LD_RUNPATH_SEARCH_PATHS = (
					"$(inherited)",
					"@executable_path/Frameworks",
				);
				MARKETING_VERSION = 1.0;
				PRODUCT_BUNDLE_IDENTIFIER = com.swiftUI.com.VerifyCodeSlideImage;
				PRODUCT_NAME = "$(TARGET_NAME)";
				SWIFT_EMIT_LOC_STRINGS = YES;
				SWIFT_OBJC_BRIDGING_HEADER = "VerifyCodeSlideImage/VerifyCodeSlideImage-Bridging-Header.h";
				SWIFT_VERSION = 5.0;
				TARGETED_DEVICE_FAMILY = "1,2";
			};
			name = Release;
		};
/* End XCBuildConfiguration section */

/* Begin XCConfigurationList section */
		C5A334C82A8C81F5001D4C46 /* Build configuration list for PBXProject "VerifyCodeSlideImage" */ = {
			isa = XCConfigurationList;
			buildConfigurations = (
				C5A334D92A8C81F7001D4C46 /* Debug */,
				C5A334DA2A8C81F7001D4C46 /* Release */,
			);
			defaultConfigurationIsVisible = 0;
			defaultConfigurationName = Release;
		};
		C5A334DB2A8C81F7001D4C46 /* Build configuration list for PBXNativeTarget "VerifyCodeSlideImage" */ = {
			isa = XCConfigurationList;
			buildConfigurations = (
				C5A334DC2A8C81F7001D4C46 /* Debug */,
				C5A334DD2A8C81F7001D4C46 /* Release */,
			);
			defaultConfigurationIsVisible = 0;
			defaultConfigurationName = Release;
		};
/* End XCConfigurationList section */
	};
	rootObject = C5A334C52A8C81F5001D4C46 /* Project object */;
}
